// !$*UTF8*$!
{
	archiveVersion = 1;
	classes = {
	};
	objectVersion = 56;
	objects = {

/* Begin PBXBuildFile section */
		100000000000000000000001 /* DailyBriefApp.swift in Sources */ = {isa = PBXBuildFile; fileRef = 100000000000000000000101 /* DailyBriefApp.swift */; };
		100000000000000000000002 /* AppDelegate.swift in Sources */ = {isa = PBXBuildFile; fileRef = 100000000000000000000102 /* AppDelegate.swift */; };
		100000000000000000000003 /* DailyBriefTests.swift in Sources */ = {isa = PBXBuildFile; fileRef = 100000000000000000000201 /* DailyBriefTests.swift */; };
		100000000000000000000004 /* DailyEntry.swift in Sources */ = {isa = PBXBuildFile; fileRef = 100000000000000000000104 /* DailyEntry.swift */; };
		100000000000000000000005 /* DateKey.swift in Sources */ = {isa = PBXBuildFile; fileRef = 100000000000000000000105 /* DateKey.swift */; };
		100000000000000000000006 /* StorageSettings.swift in Sources */ = {isa = PBXBuildFile; fileRef = 100000000000000000000106 /* StorageSettings.swift */; };
		100000000000000000000007 /* EntryStore.swift in Sources */ = {isa = PBXBuildFile; fileRef = 100000000000000000000107 /* EntryStore.swift */; };
		100000000000000000000008 /* EntryActivityIndex.swift in Sources */ = {isa = PBXBuildFile; fileRef = 100000000000000000000108 /* EntryActivityIndex.swift */; };
		100000000000000000000009 /* DailyBriefViewModel.swift in Sources */ = {isa = PBXBuildFile; fileRef = 100000000000000000000109 /* DailyBriefViewModel.swift */; };
		100000000000000000000010 /* HotKeyManager.swift in Sources */ = {isa = PBXBuildFile; fileRef = 100000000000000000000110 /* HotKeyManager.swift */; };
		100000000000000000000011 /* LaunchAtLoginController.swift in Sources */ = {isa = PBXBuildFile; fileRef = 100000000000000000000111 /* LaunchAtLoginController.swift */; };
		100000000000000000000012 /* EntrySectionView.swift in Sources */ = {isa = PBXBuildFile; fileRef = 100000000000000000000112 /* EntrySectionView.swift */; };
		100000000000000000000013 /* DateHeaderView.swift in Sources */ = {isa = PBXBuildFile; fileRef = 100000000000000000000113 /* DateHeaderView.swift */; };
		100000000000000000000014 /* ActivityCalendarView.swift in Sources */ = {isa = PBXBuildFile; fileRef = 100000000000000000000114 /* ActivityCalendarView.swift */; };
		100000000000000000000015 /* SettingsFooterView.swift in Sources */ = {isa = PBXBuildFile; fileRef = 100000000000000000000115 /* SettingsFooterView.swift */; };
		100000000000000000000016 /* MenuBarPanelView.swift in Sources */ = {isa = PBXBuildFile; fileRef = 100000000000000000000116 /* MenuBarPanelView.swift */; };
		100000000000000000000017 /* EntryActivityIndexTests.swift in Sources */ = {isa = PBXBuildFile; fileRef = 100000000000000000000202 /* EntryActivityIndexTests.swift */; };
		100000000000000000000018 /* DailyBriefViewModelTests.swift in Sources */ = {isa = PBXBuildFile; fileRef = 100000000000000000000203 /* DailyBriefViewModelTests.swift */; };
		100000000000000000000019 /* MultilineTextEditor.swift in Sources */ = {isa = PBXBuildFile; fileRef = 100000000000000000000117 /* MultilineTextEditor.swift */; };
		100000000000000000000020 /* MenuBarIcon.swift in Sources */ = {isa = PBXBuildFile; fileRef = 100000000000000000000118 /* MenuBarIcon.swift */; };
/* End PBXBuildFile section */

/* Begin PBXContainerItemProxy section */
		100000000000000000000301 /* PBXContainerItemProxy */ = {
			isa = PBXContainerItemProxy;
			containerPortal = 100000000000000000000401 /* Project object */;
			proxyType = 1;
			remoteGlobalIDString = 100000000000000000000501;
			remoteInfo = DailyBrief;
		};
/* End PBXContainerItemProxy section */

/* Begin PBXFileReference section */
		100000000000000000000101 /* DailyBriefApp.swift */ = {isa = PBXFileReference; lastKnownFileType = sourcecode.swift; path = DailyBriefApp.swift; sourceTree = "<group>"; };
		100000000000000000000102 /* AppDelegate.swift */ = {isa = PBXFileReference; lastKnownFileType = sourcecode.swift; path = App/AppDelegate.swift; sourceTree = "<group>"; };
		100000000000000000000103 /* Info.plist */ = {isa = PBXFileReference; lastKnownFileType = text.plist.xml; path = Info.plist; sourceTree = "<group>"; };
		100000000000000000000104 /* DailyEntry.swift */ = {isa = PBXFileReference; lastKnownFileType = sourcecode.swift; path = Models/DailyEntry.swift; sourceTree = "<group>"; };
		100000000000000000000105 /* DateKey.swift */ = {isa = PBXFileReference; lastKnownFileType = sourcecode.swift; path = Models/DateKey.swift; sourceTree = "<group>"; };
		100000000000000000000106 /* StorageSettings.swift */ = {isa = PBXFileReference; lastKnownFileType = sourcecode.swift; path = Storage/StorageSettings.swift; sourceTree = "<group>"; };
		100000000000000000000107 /* EntryStore.swift */ = {isa = PBXFileReference; lastKnownFileType = sourcecode.swift; path = Storage/EntryStore.swift; sourceTree = "<group>"; };
		100000000000000000000108 /* EntryActivityIndex.swift */ = {isa = PBXFileReference; lastKnownFileType = sourcecode.swift; path = Storage/EntryActivityIndex.swift; sourceTree = "<group>"; };
		100000000000000000000109 /* DailyBriefViewModel.swift */ = {isa = PBXFileReference; lastKnownFileType = sourcecode.swift; path = ViewModels/DailyBriefViewModel.swift; sourceTree = "<group>"; };
		100000000000000000000110 /* HotKeyManager.swift */ = {isa = PBXFileReference; lastKnownFileType = sourcecode.swift; path = HotKeys/HotKeyManager.swift; sourceTree = "<group>"; };
		100000000000000000000111 /* LaunchAtLoginController.swift */ = {isa = PBXFileReference; lastKnownFileType = sourcecode.swift; path = Settings/LaunchAtLoginController.swift; sourceTree = "<group>"; };
		100000000000000000000112 /* EntrySectionView.swift */ = {isa = PBXFileReference; lastKnownFileType = sourcecode.swift; path = Views/EntrySectionView.swift; sourceTree = "<group>"; };
		100000000000000000000113 /* DateHeaderView.swift */ = {isa = PBXFileReference; lastKnownFileType = sourcecode.swift; path = Views/DateHeaderView.swift; sourceTree = "<group>"; };
		100000000000000000000114 /* ActivityCalendarView.swift */ = {isa = PBXFileReference; lastKnownFileType = sourcecode.swift; path = Views/ActivityCalendarView.swift; sourceTree = "<group>"; };
		100000000000000000000115 /* SettingsFooterView.swift */ = {isa = PBXFileReference; lastKnownFileType = sourcecode.swift; path = Views/SettingsFooterView.swift; sourceTree = "<group>"; };
		100000000000000000000116 /* MenuBarPanelView.swift */ = {isa = PBXFileReference; lastKnownFileType = sourcecode.swift; path = Views/MenuBarPanelView.swift; sourceTree = "<group>"; };
		100000000000000000000117 /* MultilineTextEditor.swift */ = {isa = PBXFileReference; lastKnownFileType = sourcecode.swift; path = Views/MultilineTextEditor.swift; sourceTree = "<group>"; };
		100000000000000000000118 /* MenuBarIcon.swift */ = {isa = PBXFileReference; lastKnownFileType = sourcecode.swift; path = App/MenuBarIcon.swift; sourceTree = "<group>"; };
		100000000000000000000201 /* DailyBriefTests.swift */ = {isa = PBXFileReference; lastKnownFileType = sourcecode.swift; path = DailyBriefTests.swift; sourceTree = "<group>"; };
		100000000000000000000202 /* EntryActivityIndexTests.swift */ = {isa = PBXFileReference; lastKnownFileType = sourcecode.swift; path = EntryActivityIndexTests.swift; sourceTree = "<group>"; };
		100000000000000000000203 /* DailyBriefViewModelTests.swift */ = {isa = PBXFileReference; lastKnownFileType = sourcecode.swift; path = DailyBriefViewModelTests.swift; sourceTree = "<group>"; };
		100000000000000000000601 /* DailyBrief.app */ = {isa = PBXFileReference; explicitFileType = wrapper.application; includeInIndex = 0; path = DailyBrief.app; sourceTree = BUILT_PRODUCTS_DIR; };
		100000000000000000000602 /* DailyBriefTests.xctest */ = {isa = PBXFileReference; explicitFileType = wrapper.cfbundle; includeInIndex = 0; path = DailyBriefTests.xctest; sourceTree = BUILT_PRODUCTS_DIR; };
/* End PBXFileReference section */

/* Begin PBXFrameworksBuildPhase section */
		100000000000000000000701 /* Frameworks */ = {
			isa = PBXFrameworksBuildPhase;
			buildActionMask = 2147483647;
			files = (
			);
			runOnlyForDeploymentPostprocessing = 0;
		};
		100000000000000000000702 /* Frameworks */ = {
			isa = PBXFrameworksBuildPhase;
			buildActionMask = 2147483647;
			files = (
			);
			runOnlyForDeploymentPostprocessing = 0;
		};
/* End PBXFrameworksBuildPhase section */

/* Begin PBXGroup section */
		100000000000000000000801 = {
			isa = PBXGroup;
			children = (
				100000000000000000000802 /* DailyBrief */,
				100000000000000000000803 /* DailyBriefTests */,
				100000000000000000000804 /* Products */,
			);
			sourceTree = "<group>";
		};
		100000000000000000000802 /* DailyBrief */ = {
			isa = PBXGroup;
			children = (
				100000000000000000000101 /* DailyBriefApp.swift */,
				100000000000000000000102 /* AppDelegate.swift */,
				100000000000000000000118 /* MenuBarIcon.swift */,
				100000000000000000000104 /* DailyEntry.swift */,
				100000000000000000000105 /* DateKey.swift */,
				100000000000000000000106 /* StorageSettings.swift */,
				100000000000000000000107 /* EntryStore.swift */,
				100000000000000000000108 /* EntryActivityIndex.swift */,
				100000000000000000000109 /* DailyBriefViewModel.swift */,
				100000000000000000000110 /* HotKeyManager.swift */,
				100000000000000000000111 /* LaunchAtLoginController.swift */,
				100000000000000000000112 /* EntrySectionView.swift */,
				100000000000000000000113 /* DateHeaderView.swift */,
				100000000000000000000114 /* ActivityCalendarView.swift */,
				100000000000000000000115 /* SettingsFooterView.swift */,
				100000000000000000000116 /* MenuBarPanelView.swift */,
				100000000000000000000117 /* MultilineTextEditor.swift */,
				100000000000000000000103 /* Info.plist */,
			);
			path = DailyBrief;
			sourceTree = "<group>";
		};
		100000000000000000000803 /* DailyBriefTests */ = {
			isa = PBXGroup;
			children = (
				100000000000000000000201 /* DailyBriefTests.swift */,
				100000000000000000000202 /* EntryActivityIndexTests.swift */,
				100000000000000000000203 /* DailyBriefViewModelTests.swift */,
			);
			path = DailyBriefTests;
			sourceTree = "<group>";
		};
		100000000000000000000804 /* Products */ = {
			isa = PBXGroup;
			children = (
				100000000000000000000601 /* DailyBrief.app */,
				100000000000000000000602 /* DailyBriefTests.xctest */,
			);
			name = Products;
			sourceTree = "<group>";
		};
/* End PBXGroup section */

/* Begin PBXNativeTarget section */
		100000000000000000000501 /* DailyBrief */ = {
			isa = PBXNativeTarget;
			buildConfigurationList = 100000000000000000000901 /* Build configuration list for PBXNativeTarget "DailyBrief" */;
			buildPhases = (
				100000000000000000000A01 /* Sources */,
				100000000000000000000701 /* Frameworks */,
				100000000000000000000A02 /* Resources */,
			);
			buildRules = (
			);
			dependencies = (
			);
			name = DailyBrief;
			productName = DailyBrief;
			productReference = 100000000000000000000601 /* DailyBrief.app */;
			productType = "com.apple.product-type.application";
		};
		100000000000000000000502 /* DailyBriefTests */ = {
			isa = PBXNativeTarget;
			buildConfigurationList = 100000000000000000000902 /* Build configuration list for PBXNativeTarget "DailyBriefTests" */;
			buildPhases = (
				100000000000000000000A03 /* Sources */,
				100000000000000000000702 /* Frameworks */,
				100000000000000000000A04 /* Resources */,
			);
			buildRules = (
			);
			dependencies = (
				100000000000000000000302 /* PBXTargetDependency */,
			);
			name = DailyBriefTests;
			productName = DailyBriefTests;
			productReference = 100000000000000000000602 /* DailyBriefTests.xctest */;
			productType = "com.apple.product-type.bundle.unit-test";
		};
/* End PBXNativeTarget section */

/* Begin PBXProject section */
		100000000000000000000401 /* Project object */ = {
			isa = PBXProject;
			attributes = {
				BuildIndependentTargetsInParallel = 1;
				LastSwiftUpdateCheck = 1600;
				LastUpgradeCheck = 1600;
				TargetAttributes = {
					100000000000000000000501 = {
						CreatedOnToolsVersion = 16.0;
					};
					100000000000000000000502 = {
						CreatedOnToolsVersion = 16.0;
						TestTargetID = 100000000000000000000501;
					};
				};
			};
			buildConfigurationList = 100000000000000000000903 /* Build configuration list for PBXProject "DailyBrief" */;
			compatibilityVersion = "Xcode 14.0";
			developmentRegion = en;
			hasScannedForEncodings = 0;
			knownRegions = (
				en,
				Base,
			);
			mainGroup = 100000000000000000000801;
			productRefGroup = 100000000000000000000804 /* Products */;
			projectDirPath = "";
			projectRoot = "";
			targets = (
				100000000000000000000501 /* DailyBrief */,
				100000000000000000000502 /* DailyBriefTests */,
			);
		};
/* End PBXProject section */

/* Begin PBXResourcesBuildPhase section */
		100000000000000000000A02 /* Resources */ = {
			isa = PBXResourcesBuildPhase;
			buildActionMask = 2147483647;
			files = (
			);
			runOnlyForDeploymentPostprocessing = 0;
		};
		100000000000000000000A04 /* Resources */ = {
			isa = PBXResourcesBuildPhase;
			buildActionMask = 2147483647;
			files = (
			);
			runOnlyForDeploymentPostprocessing = 0;
		};
/* End PBXResourcesBuildPhase section */

/* Begin PBXSourcesBuildPhase section */
		100000000000000000000A01 /* Sources */ = {
			isa = PBXSourcesBuildPhase;
			buildActionMask = 2147483647;
			files = (
				100000000000000000000001 /* DailyBriefApp.swift in Sources */,
				100000000000000000000002 /* AppDelegate.swift in Sources */,
				100000000000000000000004 /* DailyEntry.swift in Sources */,
				100000000000000000000005 /* DateKey.swift in Sources */,
				100000000000000000000006 /* StorageSettings.swift in Sources */,
				100000000000000000000007 /* EntryStore.swift in Sources */,
				100000000000000000000008 /* EntryActivityIndex.swift in Sources */,
				100000000000000000000009 /* DailyBriefViewModel.swift in Sources */,
				100000000000000000000010 /* HotKeyManager.swift in Sources */,
				100000000000000000000011 /* LaunchAtLoginController.swift in Sources */,
				100000000000000000000012 /* EntrySectionView.swift in Sources */,
				100000000000000000000013 /* DateHeaderView.swift in Sources */,
				100000000000000000000014 /* ActivityCalendarView.swift in Sources */,
				100000000000000000000015 /* SettingsFooterView.swift in Sources */,
				100000000000000000000016 /* MenuBarPanelView.swift in Sources */,
				100000000000000000000019 /* MultilineTextEditor.swift in Sources */,
				100000000000000000000020 /* MenuBarIcon.swift in Sources */,
			);
			runOnlyForDeploymentPostprocessing = 0;
		};
		100000000000000000000A03 /* Sources */ = {
			isa = PBXSourcesBuildPhase;
			buildActionMask = 2147483647;
			files = (
				100000000000000000000003 /* DailyBriefTests.swift in Sources */,
				100000000000000000000017 /* EntryActivityIndexTests.swift in Sources */,
				100000000000000000000018 /* DailyBriefViewModelTests.swift in Sources */,
			);
			runOnlyForDeploymentPostprocessing = 0;
		};
/* End PBXSourcesBuildPhase section */

/* Begin PBXTargetDependency section */
		100000000000000000000302 /* PBXTargetDependency */ = {
			isa = PBXTargetDependency;
			target = 100000000000000000000501 /* DailyBrief */;
			targetProxy = 100000000000000000000301 /* PBXContainerItemProxy */;
		};
/* End PBXTargetDependency section */

/* Begin XCBuildConfiguration section */
		100000000000000000000B01 /* Debug */ = {
			isa = XCBuildConfiguration;
			buildSettings = {
				ALWAYS_SEARCH_USER_PATHS = NO;
				CLANG_ANALYZER_NONNULL = YES;
				CLANG_ANALYZER_NUMBER_OBJECT_CONVERSION = YES_AGGRESSIVE;
				CLANG_CXX_LANGUAGE_STANDARD = "gnu++20";
				CLANG_ENABLE_MODULES = YES;
				CLANG_ENABLE_OBJC_ARC = YES;
				CLANG_ENABLE_OBJC_WEAK = YES;
				CLANG_WARN_BLOCK_CAPTURE_AUTORELEASING = YES;
				CLANG_WARN_BOOL_CONVERSION = YES;
				CLANG_WARN_COMMA = YES;
				CLANG_WARN_CONSTANT_CONVERSION = YES;
				CLANG_WARN_DEPRECATED_OBJC_IMPLEMENTATIONS = YES;
				CLANG_WARN_DIRECT_OBJC_ISA_USAGE = YES_ERROR;
				CLANG_WARN_DOCUMENTATION_COMMENTS = YES;
				CLANG_WARN_EMPTY_BODY = YES;
				CLANG_WARN_ENUM_CONVERSION = YES;
				CLANG_WARN_INFINITE_RECURSION = YES;
				CLANG_WARN_INT_CONVERSION = YES;
				CLANG_WARN_NON_LITERAL_NULL_CONVERSION = YES;
				CLANG_WARN_OBJC_IMPLICIT_RETAIN_SELF = YES;
				CLANG_WARN_OBJC_LITERAL_CONVERSION = YES;
				CLANG_WARN_OBJC_ROOT_CLASS = YES_ERROR;
				CLANG_WARN_QUOTED_INCLUDE_IN_FRAMEWORK_HEADER = YES;
				CLANG_WARN_RANGE_LOOP_ANALYSIS = YES;
				CLANG_WARN_STRICT_PROTOTYPES = YES;
				CLANG_WARN_SUSPICIOUS_MOVE = YES;
				CLANG_WARN_UNGUARDED_AVAILABILITY = YES_AGGRESSIVE;
				CLANG_WARN_UNREACHABLE_CODE = YES;
				CLANG_WARN__DUPLICATE_METHOD_MATCH = YES;
				COPY_PHASE_STRIP = NO;
				DEBUG_INFORMATION_FORMAT = dwarf;
				ENABLE_STRICT_OBJC_MSGSEND = YES;
				ENABLE_TESTABILITY = YES;
				ENABLE_USER_SCRIPT_SANDBOXING = YES;
				GCC_C_LANGUAGE_STANDARD = gnu17;
				GCC_DYNAMIC_NO_PIC = NO;
				GCC_NO_COMMON_BLOCKS = YES;
				GCC_OPTIMIZATION_LEVEL = 0;
				GCC_PREPROCESSOR_DEFINITIONS = (
					"DEBUG=1",
					"$(inherited)",
				);
				GCC_WARN_64_TO_32_BIT_CONVERSION = YES;
				GCC_WARN_ABOUT_RETURN_TYPE = YES_ERROR;
				GCC_WARN_UNDECLARED_SELECTOR = YES;
				GCC_WARN_UNINITIALIZED_AUTOS = YES_AGGRESSIVE;
				GCC_WARN_UNUSED_FUNCTION = YES;
				GCC_WARN_UNUSED_VARIABLE = YES;
				MACOSX_DEPLOYMENT_TARGET = 13.0;
				MTL_ENABLE_DEBUG_INFO = INCLUDE_SOURCE;
				MTL_FAST_MATH = YES;
				ONLY_ACTIVE_ARCH = YES;
				SDKROOT = macosx;
				SWIFT_ACTIVE_COMPILATION_CONDITIONS = DEBUG;
				SWIFT_OPTIMIZATION_LEVEL = "-Onone";
			};
			name = Debug;
		};
		100000000000000000000B02 /* Release */ = {
			isa = XCBuildConfiguration;
			buildSettings = {
				ALWAYS_SEARCH_USER_PATHS = NO;
				CLANG_ANALYZER_NONNULL = YES;
				CLANG_ANALYZER_NUMBER_OBJECT_CONVERSION = YES_AGGRESSIVE;
				CLANG_CXX_LANGUAGE_STANDARD = "gnu++20";
				CLANG_ENABLE_MODULES = YES;
				CLANG_ENABLE_OBJC_ARC = YES;
				CLANG_ENABLE_OBJC_WEAK = YES;
				CLANG_WARN_BLOCK_CAPTURE_AUTORELEASING = YES;
				CLANG_WARN_BOOL_CONVERSION = YES;
				CLANG_WARN_COMMA = YES;
				CLANG_WARN_CONSTANT_CONVERSION = YES;
				CLANG_WARN_DEPRECATED_OBJC_IMPLEMENTATIONS = YES;
				CLANG_WARN_DIRECT_OBJC_ISA_USAGE = YES_ERROR;
				CLANG_WARN_DOCUMENTATION_COMMENTS = YES;
				CLANG_WARN_EMPTY_BODY = YES;
				CLANG_WARN_ENUM_CONVERSION = YES;
				CLANG_WARN_INFINITE_RECURSION = YES;
				CLANG_WARN_INT_CONVERSION = YES;
				CLANG_WARN_NON_LITERAL_NULL_CONVERSION = YES;
				CLANG_WARN_OBJC_IMPLICIT_RETAIN_SELF = YES;
				CLANG_WARN_OBJC_LITERAL_CONVERSION = YES;
				CLANG_WARN_OBJC_ROOT_CLASS = YES_ERROR;
				CLANG_WARN_QUOTED_INCLUDE_IN_FRAMEWORK_HEADER = YES;
				CLANG_WARN_RANGE_LOOP_ANALYSIS = YES;
				CLANG_WARN_STRICT_PROTOTYPES = YES;
				CLANG_WARN_SUSPICIOUS_MOVE = YES;
				CLANG_WARN_UNGUARDED_AVAILABILITY = YES_AGGRESSIVE;
				CLANG_WARN_UNREACHABLE_CODE = YES;
				CLANG_WARN__DUPLICATE_METHOD_MATCH = YES;
				COPY_PHASE_STRIP = NO;
				DEBUG_INFORMATION_FORMAT = "dwarf-with-dsym";
				ENABLE_NS_ASSERTIONS = NO;
				ENABLE_STRICT_OBJC_MSGSEND = YES;
				ENABLE_USER_SCRIPT_SANDBOXING = YES;
				GCC_C_LANGUAGE_STANDARD = gnu17;
				GCC_NO_COMMON_BLOCKS = YES;
				GCC_WARN_64_TO_32_BIT_CONVERSION = YES;
				GCC_WARN_ABOUT_RETURN_TYPE = YES_ERROR;
				GCC_WARN_UNDECLARED_SELECTOR = YES;
				GCC_WARN_UNINITIALIZED_AUTOS = YES_AGGRESSIVE;
				GCC_WARN_UNUSED_FUNCTION = YES;
				GCC_WARN_UNUSED_VARIABLE = YES;
				MACOSX_DEPLOYMENT_TARGET = 13.0;
				MTL_ENABLE_DEBUG_INFO = NO;
				MTL_FAST_MATH = YES;
				SDKROOT = macosx;
				SWIFT_COMPILATION_MODE = wholemodule;
				SWIFT_OPTIMIZATION_LEVEL = "-O";
			};
			name = Release;
		};
		100000000000000000000B03 /* Debug */ = {
			isa = XCBuildConfiguration;
			buildSettings = {
				CODE_SIGN_IDENTITY = "-";
				CODE_SIGNING_ALLOWED = NO;
				CODE_SIGN_STYLE = Manual;
				COMBINE_HIDPI_IMAGES = YES;
				DEVELOPMENT_ASSET_PATHS = "";
				ENABLE_DEBUG_DYLIB = NO;
				ENABLE_PREVIEWS = YES;
				GENERATE_INFOPLIST_FILE = NO;
				INFOPLIST_FILE = DailyBrief/Info.plist;
				LD_RUNPATH_SEARCH_PATHS = (
					"$(inherited)",
					"@executable_path/../Frameworks",
				);
				MARKETING_VERSION = 1.0;
				PRODUCT_BUNDLE_IDENTIFIER = com.sbarai.DailyBrief;
				PRODUCT_NAME = "$(TARGET_NAME)";
				SWIFT_EMIT_LOC_STRINGS = YES;
				SWIFT_VERSION = 5.0;
			};
			name = Debug;
		};
		100000000000000000000B04 /* Release */ = {
			isa = XCBuildConfiguration;
			buildSettings = {
				CODE_SIGN_IDENTITY = "-";
				CODE_SIGNING_ALLOWED = NO;
				CODE_SIGN_STYLE = Manual;
				COMBINE_HIDPI_IMAGES = YES;
				DEVELOPMENT_ASSET_PATHS = "";
				ENABLE_PREVIEWS = YES;
				GENERATE_INFOPLIST_FILE = NO;
				INFOPLIST_FILE = DailyBrief/Info.plist;
				LD_RUNPATH_SEARCH_PATHS = (
					"$(inherited)",
					"@executable_path/../Frameworks",
				);
				MARKETING_VERSION = 1.0;
				PRODUCT_BUNDLE_IDENTIFIER = com.sbarai.DailyBrief;
				PRODUCT_NAME = "$(TARGET_NAME)";
				SWIFT_EMIT_LOC_STRINGS = YES;
				SWIFT_VERSION = 5.0;
			};
			name = Release;
		};
		100000000000000000000B05 /* Debug */ = {
			isa = XCBuildConfiguration;
			buildSettings = {
				BUNDLE_LOADER = "$(TEST_HOST)";
				CODE_SIGN_IDENTITY = "-";
				CODE_SIGNING_ALLOWED = NO;
				CODE_SIGN_STYLE = Manual;
				GENERATE_INFOPLIST_FILE = YES;
				LD_RUNPATH_SEARCH_PATHS = (
					"$(inherited)",
					"@executable_path/../Frameworks",
					"@loader_path/../Frameworks",
				);
				PRODUCT_BUNDLE_IDENTIFIER = com.sbarai.DailyBriefTests;
				PRODUCT_NAME = "$(TARGET_NAME)";
				SWIFT_VERSION = 5.0;
				TEST_HOST = "$(BUILT_PRODUCTS_DIR)/DailyBrief.app/Contents/MacOS/DailyBrief";
			};
			name = Debug;
		};
		100000000000000000000B06 /* Release */ = {
			isa = XCBuildConfiguration;
			buildSettings = {
				BUNDLE_LOADER = "$(TEST_HOST)";
				CODE_SIGN_IDENTITY = "-";
				CODE_SIGNING_ALLOWED = NO;
				CODE_SIGN_STYLE = Manual;
				GENERATE_INFOPLIST_FILE = YES;
				LD_RUNPATH_SEARCH_PATHS = (
					"$(inherited)",
					"@executable_path/../Frameworks",
					"@loader_path/../Frameworks",
				);
				PRODUCT_BUNDLE_IDENTIFIER = com.sbarai.DailyBriefTests;
				PRODUCT_NAME = "$(TARGET_NAME)";
				SWIFT_VERSION = 5.0;
				TEST_HOST = "$(BUILT_PRODUCTS_DIR)/DailyBrief.app/Contents/MacOS/DailyBrief";
			};
			name = Release;
		};
/* End XCBuildConfiguration section */

/* Begin XCConfigurationList section */
		100000000000000000000901 /* Build configuration list for PBXNativeTarget "DailyBrief" */ = {
			isa = XCConfigurationList;
			buildConfigurations = (
				100000000000000000000B03 /* Debug */,
				100000000000000000000B04 /* Release */,
			);
			defaultConfigurationIsVisible = 0;
			defaultConfigurationName = Release;
		};
		100000000000000000000902 /* Build configuration list for PBXNativeTarget "DailyBriefTests" */ = {
			isa = XCConfigurationList;
			buildConfigurations = (
				100000000000000000000B05 /* Debug */,
				100000000000000000000B06 /* Release */,
			);
			defaultConfigurationIsVisible = 0;
			defaultConfigurationName = Release;
		};
		100000000000000000000903 /* Build configuration list for PBXProject "DailyBrief" */ = {
			isa = XCConfigurationList;
			buildConfigurations = (
				100000000000000000000B01 /* Debug */,
				100000000000000000000B02 /* Release */,
			);
			defaultConfigurationIsVisible = 0;
			defaultConfigurationName = Release;
		};
/* End XCConfigurationList section */
	};
	rootObject = 100000000000000000000401 /* Project object */;
}
